# This file is automatically @generated by Cargo.
# It is not intended for manual editing.
version = 3

[[package]]
name = "alloc-no-stdlib"
version = "2.0.4"
source = "registry+https://github.com/rust-lang/crates.io-index"
checksum = "cc7bb162ec39d46ab1ca8c77bf72e890535becd1751bb45f64c597edb4c8c6b3"

[[package]]
name = "alloc-stdlib"
version = "0.2.2"
source = "registry+https://github.com/rust-lang/crates.io-index"
checksum = "94fb8275041c72129eb51b7d0322c29b8387a0386127718b096429201a5d6ece"
dependencies = [
 "alloc-no-stdlib",
]

[[package]]
name = "anyhow"
version = "1.0.95"
source = "registry+https://github.com/rust-lang/crates.io-index"
checksum = "34ac096ce696dc2fcabef30516bb13c0a68a11d30131d3df6f04711467681b04"

[[package]]
name = "brotli-decompressor"
version = "4.0.1"
source = "registry+https://github.com/rust-lang/crates.io-index"
checksum = "9a45bd2e4095a8b518033b128020dd4a55aab1c0a381ba4404a472630f4bc362"
dependencies = [
 "alloc-no-stdlib",
 "alloc-stdlib",
]

[[package]]
name = "dynamic-sprite-generator"
version = "0.1.0"
dependencies = [
 "anyhow",
 "font",
]

[[package]]
name = "font"
version = "0.40.0"
source = "registry+https://github.com/rust-lang/crates.io-index"
checksum = "333bc3b0717e3cf0eda8dad7ddc30301bce3d8181ff25d35c575f59b8559ecc5"
dependencies = [
 "opentype",
 "typeface",
 "webtype",
]

[[package]]
name = "opentype"
version = "0.38.1"
source = "registry+https://github.com/rust-lang/crates.io-index"
checksum = "9df2c4b412143af57fa9af3471005736ebbc394eef8b4313efbd4e4fb91449e0"
dependencies = [
 "postscript",
 "truetype",
 "typeface",
]

[[package]]
name = "postscript"
version = "0.18.4"
source = "registry+https://github.com/rust-lang/crates.io-index"
checksum = "d15e3f42ca0dc59d2bb33ea8f16b8939e78b459282faa1286a9932fedb939e61"
dependencies = [
 "typeface",
]

[[package]]
name = "truetype"
version = "0.47.8"
source = "registry+https://github.com/rust-lang/crates.io-index"
checksum = "6d9ffbd4cf26797938aa36b2d03ec051800e6886fbed4bf70333d96b230a575d"
dependencies = [
 "typeface",
]

[[package]]
name = "typeface"
version = "0.4.3"
source = "registry+https://github.com/rust-lang/crates.io-index"
checksum = "191ea6762cbcd705fbed8f58573fd6c654453ff3da60adb293d9f255bc92af8e"

[[package]]
name = "webtype"
version = "0.17.0"
source = "registry+https://github.com/rust-lang/crates.io-index"
checksum = "da0eba238ebe70af27974b828030c48ab97c60e46ec5500997589ad420419308"
dependencies = [
 "brotli-decompressor",
 "opentype",
 "typeface",
]
